
Microsoft Visual Studio Solution File, Format Version 12.00
# Visual Studio Version 16
VisualStudioVersion = 16.0.31019.35
MinimumVisualStudioVersion = 10.0.40219.1
Project("{FAE04EC0-301F-11D3-BF4B-00C04F79EFBC}") = "UserRegistration", "UserRegistration\UserRegistration.csproj", "{FBF3CAF3-D98A-4D0E-BE0E-14C46E13494A}"
EndProject
Global
	GlobalSection(SolutionConfigurationPlatforms) = preSolution
		Debug|Any CPU = Debug|Any CPU
		Release|Any CPU = Release|Any CPU
	EndGlobalSection
	GlobalSection(ProjectConfigurationPlatforms) = postSolution
		{FBF3CAF3-D98A-4D0E-BE0E-14C46E13494A}.Debug|Any CPU.ActiveCfg = Debug|Any CPU
		{FBF3CAF3-D98A-4D0E-BE0E-14C46E13494A}.Debug|Any CPU.Build.0 = Debug|Any CPU
		{FBF3CAF3-D98A-4D0E-BE0E-14C46E13494A}.Release|Any CPU.ActiveCfg = Release|Any CPU
		{FBF3CAF3-D98A-4D0E-BE0E-14C46E13494A}.Release|Any CPU.Build.0 = Release|Any CPU
	EndGlobalSection
	GlobalSection(SolutionProperties) = preSolution
		HideSolutionNode = FALSE
	EndGlobalSection
	GlobalSection(ExtensibilityGlobals) = postSolution
		SolutionGuid = {24FCF3F7-4F24-4241-851C-999CE2EA52EA}
	EndGlobalSection
EndGlobal
